
Microsoft Visual Studio Solution File, Format Version 12.00
# Visual Studio Version 17
VisualStudioVersion = 17.13.35806.99
MinimumVisualStudioVersion = 10.0.40219.1
Project("{FAE04EC0-301F-11D3-BF4B-00C04F79EFBC}") = "BookManagement", "BookManagement\BookManagement.csproj", "{CE5CF3F1-345D-4FEA-89B2-884095C59D3C}"
EndProject
Global
	GlobalSection(SolutionConfigurationPlatforms) = preSolution
		Debug|Any CPU = Debug|Any CPU
		Release|Any CPU = Release|Any CPU
	EndGlobalSection
	GlobalSection(ProjectConfigurationPlatforms) = postSolution
		{CE5CF3F1-345D-4FEA-89B2-884095C59D3C}.Debug|Any CPU.ActiveCfg = Debug|Any CPU
		{CE5CF3F1-345D-4FEA-89B2-884095C59D3C}.Debug|Any CPU.Build.0 = Debug|Any CPU
		{CE5CF3F1-345D-4FEA-89B2-884095C59D3C}.Release|Any CPU.ActiveCfg = Release|Any CPU
		{CE5CF3F1-345D-4FEA-89B2-884095C59D3C}.Release|Any CPU.Build.0 = Release|Any CPU
	EndGlobalSection
	GlobalSection(SolutionProperties) = preSolution
		HideSolutionNode = FALSE
	EndGlobalSection
	GlobalSection(ExtensibilityGlobals) = postSolution
		SolutionGuid = {33C71BE7-69A7-424C-AA02-12FD159FE46F}
	EndGlobalSection
EndGlobal
